
Microsoft Visual Studio Solution File, Format Version 12.00
# Visual Studio Version 17
VisualStudioVersion = 17.8.34511.84
MinimumVisualStudioVersion = 10.0.40219.1
Project("{9A19103F-16F7-4668-BE54-9A1E7A4F7556}") = "POSDotNetCore", "POSDotNetCore\POSDotNetCore.csproj", "{9078077F-B05A-409F-A9B2-D392CFC12296}"
EndProject
Project("{9A19103F-16F7-4668-BE54-9A1E7A4F7556}") = "POSDotNetCore.WebApi", "POSDotNetCore.WebApi\POSDotNetCore.WebApi.csproj", "{53C9EEF5-B6FF-49B4-AFBA-949D3E422F70}"
EndProject
Project("{9A19103F-16F7-4668-BE54-9A1E7A4F7556}") = "POSDotNetCore.BirdWebApi", "POSDotNetCore.BirdWebApi\POSDotNetCore.BirdWebApi.csproj", "{685C474F-7AC5-45E2-97C2-6A08B320F2CA}"
EndProject
Project("{FAE04EC0-301F-11D3-BF4B-00C04F79EFBC}") = "POSDotNetCore.MvcApp", "POSDotNetCore.MvcApp\POSDotNetCore.MvcApp.csproj", "{3DF48B91-93B0-4356-AA58-2CFC178E1C04}"
EndProject
Global
	GlobalSection(SolutionConfigurationPlatforms) = preSolution
		Debug|Any CPU = Debug|Any CPU
		Release|Any CPU = Release|Any CPU
	EndGlobalSection
	GlobalSection(ProjectConfigurationPlatforms) = postSolution
		{9078077F-B05A-409F-A9B2-D392CFC12296}.Debug|Any CPU.ActiveCfg = Debug|Any CPU
		{9078077F-B05A-409F-A9B2-D392CFC12296}.Debug|Any CPU.Build.0 = Debug|Any CPU
		{9078077F-B05A-409F-A9B2-D392CFC12296}.Release|Any CPU.ActiveCfg = Release|Any CPU
		{9078077F-B05A-409F-A9B2-D392CFC12296}.Release|Any CPU.Build.0 = Release|Any CPU
		{53C9EEF5-B6FF-49B4-AFBA-949D3E422F70}.Debug|Any CPU.ActiveCfg = Debug|Any CPU
		{53C9EEF5-B6FF-49B4-AFBA-949D3E422F70}.Debug|Any CPU.Build.0 = Debug|Any CPU
		{53C9EEF5-B6FF-49B4-AFBA-949D3E422F70}.Release|Any CPU.ActiveCfg = Release|Any CPU
		{53C9EEF5-B6FF-49B4-AFBA-949D3E422F70}.Release|Any CPU.Build.0 = Release|Any CPU
		{685C474F-7AC5-45E2-97C2-6A08B320F2CA}.Debug|Any CPU.ActiveCfg = Debug|Any CPU
		{685C474F-7AC5-45E2-97C2-6A08B320F2CA}.Debug|Any CPU.Build.0 = Debug|Any CPU
		{685C474F-7AC5-45E2-97C2-6A08B320F2CA}.Release|Any CPU.ActiveCfg = Release|Any CPU
		{685C474F-7AC5-45E2-97C2-6A08B320F2CA}.Release|Any CPU.Build.0 = Release|Any CPU
		{3DF48B91-93B0-4356-AA58-2CFC178E1C04}.Debug|Any CPU.ActiveCfg = Debug|Any CPU
		{3DF48B91-93B0-4356-AA58-2CFC178E1C04}.Debug|Any CPU.Build.0 = Debug|Any CPU
		{3DF48B91-93B0-4356-AA58-2CFC178E1C04}.Release|Any CPU.ActiveCfg = Release|Any CPU
		{3DF48B91-93B0-4356-AA58-2CFC178E1C04}.Release|Any CPU.Build.0 = Release|Any CPU
	EndGlobalSection
	GlobalSection(SolutionProperties) = preSolution
		HideSolutionNode = FALSE
	EndGlobalSection
	GlobalSection(ExtensibilityGlobals) = postSolution
		SolutionGuid = {B0A81B1B-34EB-485B-A07E-3C8A7BC65696}
	EndGlobalSection
EndGlobal
