
Microsoft Visual Studio Solution File, Format Version 12.00
# Visual Studio Version 17
VisualStudioVersion = 17.8.34511.84
MinimumVisualStudioVersion = 10.0.40219.1
Project("{FAE04EC0-301F-11D3-BF4B-00C04F79EFBC}") = "POSDotNetCore", "POSDotNetCore\POSDotNetCore.csproj", "{9078077F-B05A-409F-A9B2-D392CFC12296}"
EndProject
Global
	GlobalSection(SolutionConfigurationPlatforms) = preSolution
		Debug|Any CPU = Debug|Any CPU
		Release|Any CPU = Release|Any CPU
	EndGlobalSection
	GlobalSection(ProjectConfigurationPlatforms) = postSolution
		{9078077F-B05A-409F-A9B2-D392CFC12296}.Debug|Any CPU.ActiveCfg = Debug|Any CPU
		{9078077F-B05A-409F-A9B2-D392CFC12296}.Debug|Any CPU.Build.0 = Debug|Any CPU
		{9078077F-B05A-409F-A9B2-D392CFC12296}.Release|Any CPU.ActiveCfg = Release|Any CPU
		{9078077F-B05A-409F-A9B2-D392CFC12296}.Release|Any CPU.Build.0 = Release|Any CPU
	EndGlobalSection
	GlobalSection(SolutionProperties) = preSolution
		HideSolutionNode = FALSE
	EndGlobalSection
	GlobalSection(ExtensibilityGlobals) = postSolution
		SolutionGuid = {B0A81B1B-34EB-485B-A07E-3C8A7BC65696}
	EndGlobalSection
EndGlobal
